// !$*UTF8*$!
{
	archiveVersion = 1;
	classes = {
	};
	objectVersion = 56;
	objects = {

/* Begin PBXBuildFile section */
		891A11542A8928CF00D9F64F /* MovieOverviewTableViewCell.swift in Sources */ = {isa = PBXBuildFile; fileRef = 891A11522A8928CF00D9F64F /* MovieOverviewTableViewCell.swift */; };
		891A11552A8928CF00D9F64F /* MovieOverviewTableViewCell.xib in Resources */ = {isa = PBXBuildFile; fileRef = 891A11532A8928CF00D9F64F /* MovieOverviewTableViewCell.xib */; };
		89AFDA052A87C3020050E9DD /* ViewReusable.swift in Sources */ = {isa = PBXBuildFile; fileRef = 89AFDA042A87C3020050E9DD /* ViewReusable.swift */; };
		89AFDA092A87ECD60050E9DD /* PaddingLabel.swift in Sources */ = {isa = PBXBuildFile; fileRef = 89AFDA082A87ECD60050E9DD /* PaddingLabel.swift */; };
		89AFDA0B2A885E630050E9DD /* Genre.swift in Sources */ = {isa = PBXBuildFile; fileRef = 89AFDA0A2A885E630050E9DD /* Genre.swift */; };
		89AFDA0D2A88CE200050E9DD /* MovieCastingViewController.swift in Sources */ = {isa = PBXBuildFile; fileRef = 89AFDA0C2A88CE200050E9DD /* MovieCastingViewController.swift */; };
		89C86E5F2A8617FF000F1E73 /* AppDelegate.swift in Sources */ = {isa = PBXBuildFile; fileRef = 89C86E5E2A8617FF000F1E73 /* AppDelegate.swift */; };
		89C86E612A8617FF000F1E73 /* SceneDelegate.swift in Sources */ = {isa = PBXBuildFile; fileRef = 89C86E602A8617FF000F1E73 /* SceneDelegate.swift */; };
		89C86E632A8617FF000F1E73 /* MainViewController.swift in Sources */ = {isa = PBXBuildFile; fileRef = 89C86E622A8617FF000F1E73 /* MainViewController.swift */; };
		89C86E662A8617FF000F1E73 /* Main.storyboard in Resources */ = {isa = PBXBuildFile; fileRef = 89C86E642A8617FF000F1E73 /* Main.storyboard */; };
		89C86E682A861801000F1E73 /* Assets.xcassets in Resources */ = {isa = PBXBuildFile; fileRef = 89C86E672A861801000F1E73 /* Assets.xcassets */; };
		89C86E6B2A861801000F1E73 /* LaunchScreen.storyboard in Resources */ = {isa = PBXBuildFile; fileRef = 89C86E692A861801000F1E73 /* LaunchScreen.storyboard */; };
		89C86E732A86186D000F1E73 /* .gitignore in Resources */ = {isa = PBXBuildFile; fileRef = 89C86E722A86186D000F1E73 /* .gitignore */; };
		89C86E772A86197F000F1E73 /* APIKey.swift in Sources */ = {isa = PBXBuildFile; fileRef = 89C86E762A86197F000F1E73 /* APIKey.swift */; };
		89C86E7A2A8619E5000F1E73 /* Alamofire in Frameworks */ = {isa = PBXBuildFile; productRef = 89C86E792A8619E5000F1E73 /* Alamofire */; };
		89C86E7D2A8619F1000F1E73 /* SwiftyJSON in Frameworks */ = {isa = PBXBuildFile; productRef = 89C86E7C2A8619F1000F1E73 /* SwiftyJSON */; };
		89C86E802A8619FA000F1E73 /* Kingfisher in Frameworks */ = {isa = PBXBuildFile; productRef = 89C86E7F2A8619FA000F1E73 /* Kingfisher */; };
		89C86E862A861F41000F1E73 /* Movie.swift in Sources */ = {isa = PBXBuildFile; fileRef = 89C86E852A861F41000F1E73 /* Movie.swift */; };
		89C86E882A8622AB000F1E73 /* NetworkManager.swift in Sources */ = {isa = PBXBuildFile; fileRef = 89C86E872A8622AB000F1E73 /* NetworkManager.swift */; };
		89C86E8B2A862300000F1E73 /* APIURL.swift in Sources */ = {isa = PBXBuildFile; fileRef = 89C86E8A2A862300000F1E73 /* APIURL.swift */; };
		89C86E8D2A862BEE000F1E73 /* APIHeader.swift in Sources */ = {isa = PBXBuildFile; fileRef = 89C86E8C2A862BED000F1E73 /* APIHeader.swift */; };
		89C86E8F2A86344D000F1E73 /* MovieList.swift in Sources */ = {isa = PBXBuildFile; fileRef = 89C86E8E2A86344D000F1E73 /* MovieList.swift */; };
		89C86E912A8639D0000F1E73 /* Cast.swift in Sources */ = {isa = PBXBuildFile; fileRef = 89C86E902A8639D0000F1E73 /* Cast.swift */; };
		89C86E932A863C2B000F1E73 /* MovieCredit.swift in Sources */ = {isa = PBXBuildFile; fileRef = 89C86E922A863C2B000F1E73 /* MovieCredit.swift */; };
		89C86E962A8641D3000F1E73 /* MainCollectionViewCell.swift in Sources */ = {isa = PBXBuildFile; fileRef = 89C86E942A8641D3000F1E73 /* MainCollectionViewCell.swift */; };
		89C86E972A8641D3000F1E73 /* MainCollectionViewCell.xib in Resources */ = {isa = PBXBuildFile; fileRef = 89C86E952A8641D3000F1E73 /* MainCollectionViewCell.xib */; };
		89F4F9632A88DAF200388FB5 /* MovieCastingTableViewCell.swift in Sources */ = {isa = PBXBuildFile; fileRef = 89F4F9612A88DAF200388FB5 /* MovieCastingTableViewCell.swift */; };
		89F4F9642A88DAF200388FB5 /* MovieCastingTableViewCell.xib in Resources */ = {isa = PBXBuildFile; fileRef = 89F4F9622A88DAF200388FB5 /* MovieCastingTableViewCell.xib */; };
/* End PBXBuildFile section */

/* Begin PBXFileReference section */
		891A11522A8928CF00D9F64F /* MovieOverviewTableViewCell.swift */ = {isa = PBXFileReference; lastKnownFileType = sourcecode.swift; path = MovieOverviewTableViewCell.swift; sourceTree = "<group>"; };
		891A11532A8928CF00D9F64F /* MovieOverviewTableViewCell.xib */ = {isa = PBXFileReference; lastKnownFileType = file.xib; path = MovieOverviewTableViewCell.xib; sourceTree = "<group>"; };
		89AFDA042A87C3020050E9DD /* ViewReusable.swift */ = {isa = PBXFileReference; lastKnownFileType = sourcecode.swift; path = ViewReusable.swift; sourceTree = "<group>"; };
		89AFDA082A87ECD60050E9DD /* PaddingLabel.swift */ = {isa = PBXFileReference; lastKnownFileType = sourcecode.swift; path = PaddingLabel.swift; sourceTree = "<group>"; };
		89AFDA0A2A885E630050E9DD /* Genre.swift */ = {isa = PBXFileReference; lastKnownFileType = sourcecode.swift; path = Genre.swift; sourceTree = "<group>"; };
		89AFDA0C2A88CE200050E9DD /* MovieCastingViewController.swift */ = {isa = PBXFileReference; lastKnownFileType = sourcecode.swift; path = MovieCastingViewController.swift; sourceTree = "<group>"; };
		89C86E5B2A8617FF000F1E73 /* SeSAC_TMDBProject.app */ = {isa = PBXFileReference; explicitFileType = wrapper.application; includeInIndex = 0; path = SeSAC_TMDBProject.app; sourceTree = BUILT_PRODUCTS_DIR; };
		89C86E5E2A8617FF000F1E73 /* AppDelegate.swift */ = {isa = PBXFileReference; lastKnownFileType = sourcecode.swift; path = AppDelegate.swift; sourceTree = "<group>"; };
		89C86E602A8617FF000F1E73 /* SceneDelegate.swift */ = {isa = PBXFileReference; lastKnownFileType = sourcecode.swift; path = SceneDelegate.swift; sourceTree = "<group>"; };
		89C86E622A8617FF000F1E73 /* MainViewController.swift */ = {isa = PBXFileReference; lastKnownFileType = sourcecode.swift; path = MainViewController.swift; sourceTree = "<group>"; };
		89C86E652A8617FF000F1E73 /* Base */ = {isa = PBXFileReference; lastKnownFileType = file.storyboard; name = Base; path = Base.lproj/Main.storyboard; sourceTree = "<group>"; };
		89C86E672A861801000F1E73 /* Assets.xcassets */ = {isa = PBXFileReference; lastKnownFileType = folder.assetcatalog; path = Assets.xcassets; sourceTree = "<group>"; };
		89C86E6A2A861801000F1E73 /* Base */ = {isa = PBXFileReference; lastKnownFileType = file.storyboard; name = Base; path = Base.lproj/LaunchScreen.storyboard; sourceTree = "<group>"; };
		89C86E6C2A861801000F1E73 /* Info.plist */ = {isa = PBXFileReference; lastKnownFileType = text.plist.xml; path = Info.plist; sourceTree = "<group>"; };
		89C86E722A86186D000F1E73 /* .gitignore */ = {isa = PBXFileReference; lastKnownFileType = text; path = .gitignore; sourceTree = "<group>"; };
		89C86E762A86197F000F1E73 /* APIKey.swift */ = {isa = PBXFileReference; lastKnownFileType = sourcecode.swift; path = APIKey.swift; sourceTree = "<group>"; };
		89C86E852A861F41000F1E73 /* Movie.swift */ = {isa = PBXFileReference; lastKnownFileType = sourcecode.swift; path = Movie.swift; sourceTree = "<group>"; };
		89C86E872A8622AB000F1E73 /* NetworkManager.swift */ = {isa = PBXFileReference; lastKnownFileType = sourcecode.swift; path = NetworkManager.swift; sourceTree = "<group>"; };
		89C86E8A2A862300000F1E73 /* APIURL.swift */ = {isa = PBXFileReference; lastKnownFileType = sourcecode.swift; path = APIURL.swift; sourceTree = "<group>"; };
		89C86E8C2A862BED000F1E73 /* APIHeader.swift */ = {isa = PBXFileReference; lastKnownFileType = sourcecode.swift; path = APIHeader.swift; sourceTree = "<group>"; };
		89C86E8E2A86344D000F1E73 /* MovieList.swift */ = {isa = PBXFileReference; lastKnownFileType = sourcecode.swift; path = MovieList.swift; sourceTree = "<group>"; };
		89C86E902A8639D0000F1E73 /* Cast.swift */ = {isa = PBXFileReference; lastKnownFileType = sourcecode.swift; path = Cast.swift; sourceTree = "<group>"; };
		89C86E922A863C2B000F1E73 /* MovieCredit.swift */ = {isa = PBXFileReference; lastKnownFileType = sourcecode.swift; path = MovieCredit.swift; sourceTree = "<group>"; };
		89C86E942A8641D3000F1E73 /* MainCollectionViewCell.swift */ = {isa = PBXFileReference; lastKnownFileType = sourcecode.swift; path = MainCollectionViewCell.swift; sourceTree = "<group>"; };
		89C86E952A8641D3000F1E73 /* MainCollectionViewCell.xib */ = {isa = PBXFileReference; lastKnownFileType = file.xib; path = MainCollectionViewCell.xib; sourceTree = "<group>"; };
		89F4F9612A88DAF200388FB5 /* MovieCastingTableViewCell.swift */ = {isa = PBXFileReference; lastKnownFileType = sourcecode.swift; path = MovieCastingTableViewCell.swift; sourceTree = "<group>"; };
		89F4F9622A88DAF200388FB5 /* MovieCastingTableViewCell.xib */ = {isa = PBXFileReference; lastKnownFileType = file.xib; path = MovieCastingTableViewCell.xib; sourceTree = "<group>"; };
/* End PBXFileReference section */

/* Begin PBXFrameworksBuildPhase section */
		89C86E582A8617FF000F1E73 /* Frameworks */ = {
			isa = PBXFrameworksBuildPhase;
			buildActionMask = 2147483647;
			files = (
				89C86E802A8619FA000F1E73 /* Kingfisher in Frameworks */,
				89C86E7D2A8619F1000F1E73 /* SwiftyJSON in Frameworks */,
				89C86E7A2A8619E5000F1E73 /* Alamofire in Frameworks */,
			);
			runOnlyForDeploymentPostprocessing = 0;
		};
/* End PBXFrameworksBuildPhase section */

/* Begin PBXGroup section */
		89AFDA022A87C2DD0050E9DD /* Presentation */ = {
			isa = PBXGroup;
			children = (
				89AFDA042A87C3020050E9DD /* ViewReusable.swift */,
				89AFDA032A87C2E60050E9DD /* Main */,
			);
			path = Presentation;
			sourceTree = "<group>";
		};
		89AFDA032A87C2E60050E9DD /* Main */ = {
			isa = PBXGroup;
			children = (
				89C86E642A8617FF000F1E73 /* Main.storyboard */,
				89C86E952A8641D3000F1E73 /* MainCollectionViewCell.xib */,
				89F4F9622A88DAF200388FB5 /* MovieCastingTableViewCell.xib */,
				891A11532A8928CF00D9F64F /* MovieOverviewTableViewCell.xib */,
				89C86E622A8617FF000F1E73 /* MainViewController.swift */,
				89C86E942A8641D3000F1E73 /* MainCollectionViewCell.swift */,
				89AFDA0C2A88CE200050E9DD /* MovieCastingViewController.swift */,
				891A11522A8928CF00D9F64F /* MovieOverviewTableViewCell.swift */,
				89F4F9612A88DAF200388FB5 /* MovieCastingTableViewCell.swift */,
			);
			path = Main;
			sourceTree = "<group>";
		};
		89AFDA062A87ECBD0050E9DD /* Common */ = {
			isa = PBXGroup;
			children = (
				89AFDA072A87ECC80050E9DD /* UIComponent */,
			);
			path = Common;
			sourceTree = "<group>";
		};
		89AFDA072A87ECC80050E9DD /* UIComponent */ = {
			isa = PBXGroup;
			children = (
				89AFDA082A87ECD60050E9DD /* PaddingLabel.swift */,
			);
			path = UIComponent;
			sourceTree = "<group>";
		};
		89C86E522A8617FF000F1E73 = {
			isa = PBXGroup;
			children = (
				89C86E5D2A8617FF000F1E73 /* SeSAC_TMDBProject */,
				89C86E5C2A8617FF000F1E73 /* Products */,
			);
			sourceTree = "<group>";
		};
		89C86E5C2A8617FF000F1E73 /* Products */ = {
			isa = PBXGroup;
			children = (
				89C86E5B2A8617FF000F1E73 /* SeSAC_TMDBProject.app */,
			);
			name = Products;
			sourceTree = "<group>";
		};
		89C86E5D2A8617FF000F1E73 /* SeSAC_TMDBProject */ = {
			isa = PBXGroup;
			children = (
				89C86E812A861A55000F1E73 /* Application */,
				89AFDA022A87C2DD0050E9DD /* Presentation */,
				89C86E842A861ECF000F1E73 /* Domain */,
				89C86E822A861A94000F1E73 /* Infrastructure */,
				89AFDA062A87ECBD0050E9DD /* Common */,
				89C86E672A861801000F1E73 /* Assets.xcassets */,
				89C86E692A861801000F1E73 /* LaunchScreen.storyboard */,
				89C86E6C2A861801000F1E73 /* Info.plist */,
				89C86E722A86186D000F1E73 /* .gitignore */,
			);
			path = SeSAC_TMDBProject;
			sourceTree = "<group>";
		};
		89C86E812A861A55000F1E73 /* Application */ = {
			isa = PBXGroup;
			children = (
				89C86E5E2A8617FF000F1E73 /* AppDelegate.swift */,
				89C86E602A8617FF000F1E73 /* SceneDelegate.swift */,
			);
			path = Application;
			sourceTree = "<group>";
		};
		89C86E822A861A94000F1E73 /* Infrastructure */ = {
			isa = PBXGroup;
			children = (
				89C86E832A861EBE000F1E73 /* Services */,
				89C86E762A86197F000F1E73 /* APIKey.swift */,
			);
			path = Infrastructure;
			sourceTree = "<group>";
		};
		89C86E832A861EBE000F1E73 /* Services */ = {
			isa = PBXGroup;
			children = (
				89C86E892A8622F3000F1E73 /* Network */,
			);
			path = Services;
			sourceTree = "<group>";
		};
		89C86E842A861ECF000F1E73 /* Domain */ = {
			isa = PBXGroup;
			children = (
				89C86E852A861F41000F1E73 /* Movie.swift */,
				89C86E8E2A86344D000F1E73 /* MovieList.swift */,
				89C86E902A8639D0000F1E73 /* Cast.swift */,
				89C86E922A863C2B000F1E73 /* MovieCredit.swift */,
				89AFDA0A2A885E630050E9DD /* Genre.swift */,
			);
			path = Domain;
			sourceTree = "<group>";
		};
		89C86E892A8622F3000F1E73 /* Network */ = {
			isa = PBXGroup;
			children = (
				89C86E872A8622AB000F1E73 /* NetworkManager.swift */,
				89C86E8A2A862300000F1E73 /* APIURL.swift */,
				89C86E8C2A862BED000F1E73 /* APIHeader.swift */,
			);
			path = Network;
			sourceTree = "<group>";
		};
/* End PBXGroup section */

/* Begin PBXNativeTarget section */
		89C86E5A2A8617FF000F1E73 /* SeSAC_TMDBProject */ = {
			isa = PBXNativeTarget;
			buildConfigurationList = 89C86E6F2A861801000F1E73 /* Build configuration list for PBXNativeTarget "SeSAC_TMDBProject" */;
			buildPhases = (
				89C86E572A8617FF000F1E73 /* Sources */,
				89C86E582A8617FF000F1E73 /* Frameworks */,
				89C86E592A8617FF000F1E73 /* Resources */,
			);
			buildRules = (
			);
			dependencies = (
			);
			name = SeSAC_TMDBProject;
			packageProductDependencies = (
				89C86E792A8619E5000F1E73 /* Alamofire */,
				89C86E7C2A8619F1000F1E73 /* SwiftyJSON */,
				89C86E7F2A8619FA000F1E73 /* Kingfisher */,
			);
			productName = SeSAC_TMDBProject;
			productReference = 89C86E5B2A8617FF000F1E73 /* SeSAC_TMDBProject.app */;
			productType = "com.apple.product-type.application";
		};
/* End PBXNativeTarget section */

/* Begin PBXProject section */
		89C86E532A8617FF000F1E73 /* Project object */ = {
			isa = PBXProject;
			attributes = {
				BuildIndependentTargetsInParallel = 1;
				LastSwiftUpdateCheck = 1430;
				LastUpgradeCheck = 1430;
				TargetAttributes = {
					89C86E5A2A8617FF000F1E73 = {
						CreatedOnToolsVersion = 14.3.1;
					};
				};
			};
			buildConfigurationList = 89C86E562A8617FF000F1E73 /* Build configuration list for PBXProject "SeSAC_TMDBProject" */;
			compatibilityVersion = "Xcode 14.0";
			developmentRegion = en;
			hasScannedForEncodings = 0;
			knownRegions = (
				en,
				Base,
			);
			mainGroup = 89C86E522A8617FF000F1E73;
			packageReferences = (
				89C86E782A8619E4000F1E73 /* XCRemoteSwiftPackageReference "Alamofire" */,
				89C86E7B2A8619F1000F1E73 /* XCRemoteSwiftPackageReference "SwiftyJSON" */,
				89C86E7E2A8619FA000F1E73 /* XCRemoteSwiftPackageReference "Kingfisher" */,
			);
			productRefGroup = 89C86E5C2A8617FF000F1E73 /* Products */;
			projectDirPath = "";
			projectRoot = "";
			targets = (
				89C86E5A2A8617FF000F1E73 /* SeSAC_TMDBProject */,
			);
		};
/* End PBXProject section */

/* Begin PBXResourcesBuildPhase section */
		89C86E592A8617FF000F1E73 /* Resources */ = {
			isa = PBXResourcesBuildPhase;
			buildActionMask = 2147483647;
			files = (
				891A11552A8928CF00D9F64F /* MovieOverviewTableViewCell.xib in Resources */,
				89F4F9642A88DAF200388FB5 /* MovieCastingTableViewCell.xib in Resources */,
				89C86E732A86186D000F1E73 /* .gitignore in Resources */,
				89C86E6B2A861801000F1E73 /* LaunchScreen.storyboard in Resources */,
				89C86E682A861801000F1E73 /* Assets.xcassets in Resources */,
				89C86E972A8641D3000F1E73 /* MainCollectionViewCell.xib in Resources */,
				89C86E662A8617FF000F1E73 /* Main.storyboard in Resources */,
			);
			runOnlyForDeploymentPostprocessing = 0;
		};
/* End PBXResourcesBuildPhase section */

/* Begin PBXSourcesBuildPhase section */
		89C86E572A8617FF000F1E73 /* Sources */ = {
			isa = PBXSourcesBuildPhase;
			buildActionMask = 2147483647;
			files = (
				89C86E8F2A86344D000F1E73 /* MovieList.swift in Sources */,
				89C86E882A8622AB000F1E73 /* NetworkManager.swift in Sources */,
				89C86E912A8639D0000F1E73 /* Cast.swift in Sources */,
				89C86E632A8617FF000F1E73 /* MainViewController.swift in Sources */,
				89C86E5F2A8617FF000F1E73 /* AppDelegate.swift in Sources */,
				89C86E772A86197F000F1E73 /* APIKey.swift in Sources */,
				891A11542A8928CF00D9F64F /* MovieOverviewTableViewCell.swift in Sources */,
				89AFDA0D2A88CE200050E9DD /* MovieCastingViewController.swift in Sources */,
				89C86E612A8617FF000F1E73 /* SceneDelegate.swift in Sources */,
				89AFDA0B2A885E630050E9DD /* Genre.swift in Sources */,
				89AFDA052A87C3020050E9DD /* ViewReusable.swift in Sources */,
				89AFDA092A87ECD60050E9DD /* PaddingLabel.swift in Sources */,
				89C86E962A8641D3000F1E73 /* MainCollectionViewCell.swift in Sources */,
				89C86E8D2A862BEE000F1E73 /* APIHeader.swift in Sources */,
				89C86E8B2A862300000F1E73 /* APIURL.swift in Sources */,
				89C86E862A861F41000F1E73 /* Movie.swift in Sources */,
				89C86E932A863C2B000F1E73 /* MovieCredit.swift in Sources */,
				89F4F9632A88DAF200388FB5 /* MovieCastingTableViewCell.swift in Sources */,
			);
			runOnlyForDeploymentPostprocessing = 0;
		};
/* End PBXSourcesBuildPhase section */

/* Begin PBXVariantGroup section */
		89C86E642A8617FF000F1E73 /* Main.storyboard */ = {
			isa = PBXVariantGroup;
			children = (
				89C86E652A8617FF000F1E73 /* Base */,
			);
			name = Main.storyboard;
			sourceTree = "<group>";
		};
		89C86E692A861801000F1E73 /* LaunchScreen.storyboard */ = {
			isa = PBXVariantGroup;
			children = (
				89C86E6A2A861801000F1E73 /* Base */,
			);
			name = LaunchScreen.storyboard;
			sourceTree = "<group>";
		};
/* End PBXVariantGroup section */

/* Begin XCBuildConfiguration section */
		89C86E6D2A861801000F1E73 /* Debug */ = {
			isa = XCBuildConfiguration;
			buildSettings = {
				ALWAYS_SEARCH_USER_PATHS = NO;
				CLANG_ANALYZER_NONNULL = YES;
				CLANG_ANALYZER_NUMBER_OBJECT_CONVERSION = YES_AGGRESSIVE;
				CLANG_CXX_LANGUAGE_STANDARD = "gnu++20";
				CLANG_ENABLE_MODULES = YES;
				CLANG_ENABLE_OBJC_ARC = YES;
				CLANG_ENABLE_OBJC_WEAK = YES;
				CLANG_WARN_BLOCK_CAPTURE_AUTORELEASING = YES;
				CLANG_WARN_BOOL_CONVERSION = YES;
				CLANG_WARN_COMMA = YES;
				CLANG_WARN_CONSTANT_CONVERSION = YES;
				CLANG_WARN_DEPRECATED_OBJC_IMPLEMENTATIONS = YES;
				CLANG_WARN_DIRECT_OBJC_ISA_USAGE = YES_ERROR;
				CLANG_WARN_DOCUMENTATION_COMMENTS = YES;
				CLANG_WARN_EMPTY_BODY = YES;
				CLANG_WARN_ENUM_CONVERSION = YES;
				CLANG_WARN_INFINITE_RECURSION = YES;
				CLANG_WARN_INT_CONVERSION = YES;
				CLANG_WARN_NON_LITERAL_NULL_CONVERSION = YES;
				CLANG_WARN_OBJC_IMPLICIT_RETAIN_SELF = YES;
				CLANG_WARN_OBJC_LITERAL_CONVERSION = YES;
				CLANG_WARN_OBJC_ROOT_CLASS = YES_ERROR;
				CLANG_WARN_QUOTED_INCLUDE_IN_FRAMEWORK_HEADER = YES;
				CLANG_WARN_RANGE_LOOP_ANALYSIS = YES;
				CLANG_WARN_STRICT_PROTOTYPES = YES;
				CLANG_WARN_SUSPICIOUS_MOVE = YES;
				CLANG_WARN_UNGUARDED_AVAILABILITY = YES_AGGRESSIVE;
				CLANG_WARN_UNREACHABLE_CODE = YES;
				CLANG_WARN__DUPLICATE_METHOD_MATCH = YES;
				COPY_PHASE_STRIP = NO;
				DEBUG_INFORMATION_FORMAT = dwarf;
				ENABLE_STRICT_OBJC_MSGSEND = YES;
				ENABLE_TESTABILITY = YES;
				GCC_C_LANGUAGE_STANDARD = gnu11;
				GCC_DYNAMIC_NO_PIC = NO;
				GCC_NO_COMMON_BLOCKS = YES;
				GCC_OPTIMIZATION_LEVEL = 0;
				GCC_PREPROCESSOR_DEFINITIONS = (
					"DEBUG=1",
					"$(inherited)",
				);
				GCC_WARN_64_TO_32_BIT_CONVERSION = YES;
				GCC_WARN_ABOUT_RETURN_TYPE = YES_ERROR;
				GCC_WARN_UNDECLARED_SELECTOR = YES;
				GCC_WARN_UNINITIALIZED_AUTOS = YES_AGGRESSIVE;
				GCC_WARN_UNUSED_FUNCTION = YES;
				GCC_WARN_UNUSED_VARIABLE = YES;
				IPHONEOS_DEPLOYMENT_TARGET = 16.4;
				MTL_ENABLE_DEBUG_INFO = INCLUDE_SOURCE;
				MTL_FAST_MATH = YES;
				ONLY_ACTIVE_ARCH = YES;
				SDKROOT = iphoneos;
				SWIFT_ACTIVE_COMPILATION_CONDITIONS = DEBUG;
				SWIFT_OPTIMIZATION_LEVEL = "-Onone";
			};
			name = Debug;
		};
		89C86E6E2A861801000F1E73 /* Release */ = {
			isa = XCBuildConfiguration;
			buildSettings = {
				ALWAYS_SEARCH_USER_PATHS = NO;
				CLANG_ANALYZER_NONNULL = YES;
				CLANG_ANALYZER_NUMBER_OBJECT_CONVERSION = YES_AGGRESSIVE;
				CLANG_CXX_LANGUAGE_STANDARD = "gnu++20";
				CLANG_ENABLE_MODULES = YES;
				CLANG_ENABLE_OBJC_ARC = YES;
				CLANG_ENABLE_OBJC_WEAK = YES;
				CLANG_WARN_BLOCK_CAPTURE_AUTORELEASING = YES;
				CLANG_WARN_BOOL_CONVERSION = YES;
				CLANG_WARN_COMMA = YES;
				CLANG_WARN_CONSTANT_CONVERSION = YES;
				CLANG_WARN_DEPRECATED_OBJC_IMPLEMENTATIONS = YES;
				CLANG_WARN_DIRECT_OBJC_ISA_USAGE = YES_ERROR;
				CLANG_WARN_DOCUMENTATION_COMMENTS = YES;
				CLANG_WARN_EMPTY_BODY = YES;
				CLANG_WARN_ENUM_CONVERSION = YES;
				CLANG_WARN_INFINITE_RECURSION = YES;
				CLANG_WARN_INT_CONVERSION = YES;
				CLANG_WARN_NON_LITERAL_NULL_CONVERSION = YES;
				CLANG_WARN_OBJC_IMPLICIT_RETAIN_SELF = YES;
				CLANG_WARN_OBJC_LITERAL_CONVERSION = YES;
				CLANG_WARN_OBJC_ROOT_CLASS = YES_ERROR;
				CLANG_WARN_QUOTED_INCLUDE_IN_FRAMEWORK_HEADER = YES;
				CLANG_WARN_RANGE_LOOP_ANALYSIS = YES;
				CLANG_WARN_STRICT_PROTOTYPES = YES;
				CLANG_WARN_SUSPICIOUS_MOVE = YES;
				CLANG_WARN_UNGUARDED_AVAILABILITY = YES_AGGRESSIVE;
				CLANG_WARN_UNREACHABLE_CODE = YES;
				CLANG_WARN__DUPLICATE_METHOD_MATCH = YES;
				COPY_PHASE_STRIP = NO;
				DEBUG_INFORMATION_FORMAT = "dwarf-with-dsym";
				ENABLE_NS_ASSERTIONS = NO;
				ENABLE_STRICT_OBJC_MSGSEND = YES;
				GCC_C_LANGUAGE_STANDARD = gnu11;
				GCC_NO_COMMON_BLOCKS = YES;
				GCC_WARN_64_TO_32_BIT_CONVERSION = YES;
				GCC_WARN_ABOUT_RETURN_TYPE = YES_ERROR;
				GCC_WARN_UNDECLARED_SELECTOR = YES;
				GCC_WARN_UNINITIALIZED_AUTOS = YES_AGGRESSIVE;
				GCC_WARN_UNUSED_FUNCTION = YES;
				GCC_WARN_UNUSED_VARIABLE = YES;
				IPHONEOS_DEPLOYMENT_TARGET = 16.4;
				MTL_ENABLE_DEBUG_INFO = NO;
				MTL_FAST_MATH = YES;
				SDKROOT = iphoneos;
				SWIFT_COMPILATION_MODE = wholemodule;
				SWIFT_OPTIMIZATION_LEVEL = "-O";
				VALIDATE_PRODUCT = YES;
			};
			name = Release;
		};
		89C86E702A861801000F1E73 /* Debug */ = {
			isa = XCBuildConfiguration;
			buildSettings = {
				ASSETCATALOG_COMPILER_APPICON_NAME = AppIcon;
				ASSETCATALOG_COMPILER_GLOBAL_ACCENT_COLOR_NAME = AccentColor;
				CODE_SIGN_STYLE = Automatic;
				CURRENT_PROJECT_VERSION = 1;
				DEVELOPMENT_TEAM = 67D46DJNPH;
				GENERATE_INFOPLIST_FILE = YES;
				INFOPLIST_FILE = SeSAC_TMDBProject/Info.plist;
				INFOPLIST_KEY_UIApplicationSupportsIndirectInputEvents = YES;
				INFOPLIST_KEY_UILaunchStoryboardName = LaunchScreen;
				INFOPLIST_KEY_UIMainStoryboardFile = Main;
				INFOPLIST_KEY_UISupportedInterfaceOrientations_iPad = "UIInterfaceOrientationPortrait UIInterfaceOrientationPortraitUpsideDown UIInterfaceOrientationLandscapeLeft UIInterfaceOrientationLandscapeRight";
				INFOPLIST_KEY_UISupportedInterfaceOrientations_iPhone = "UIInterfaceOrientationPortrait UIInterfaceOrientationLandscapeLeft UIInterfaceOrientationLandscapeRight";
				LD_RUNPATH_SEARCH_PATHS = (
					"$(inherited)",
					"@executable_path/Frameworks",
				);
				MARKETING_VERSION = 1.0;
				PRODUCT_BUNDLE_IDENTIFIER = "com.yescoachdev.SeSAC-TMDBProject";
				PRODUCT_NAME = "$(TARGET_NAME)";
				SWIFT_EMIT_LOC_STRINGS = YES;
				SWIFT_VERSION = 5.0;
				TARGETED_DEVICE_FAMILY = "1,2";
			};
			name = Debug;
		};
		89C86E712A861801000F1E73 /* Release */ = {
			isa = XCBuildConfiguration;
			buildSettings = {
				ASSETCATALOG_COMPILER_APPICON_NAME = AppIcon;
				ASSETCATALOG_COMPILER_GLOBAL_ACCENT_COLOR_NAME = AccentColor;
				CODE_SIGN_STYLE = Automatic;
				CURRENT_PROJECT_VERSION = 1;
				DEVELOPMENT_TEAM = 67D46DJNPH;
				GENERATE_INFOPLIST_FILE = YES;
				INFOPLIST_FILE = SeSAC_TMDBProject/Info.plist;
				INFOPLIST_KEY_UIApplicationSupportsIndirectInputEvents = YES;
				INFOPLIST_KEY_UILaunchStoryboardName = LaunchScreen;
				INFOPLIST_KEY_UIMainStoryboardFile = Main;
				INFOPLIST_KEY_UISupportedInterfaceOrientations_iPad = "UIInterfaceOrientationPortrait UIInterfaceOrientationPortraitUpsideDown UIInterfaceOrientationLandscapeLeft UIInterfaceOrientationLandscapeRight";
				INFOPLIST_KEY_UISupportedInterfaceOrientations_iPhone = "UIInterfaceOrientationPortrait UIInterfaceOrientationLandscapeLeft UIInterfaceOrientationLandscapeRight";
				LD_RUNPATH_SEARCH_PATHS = (
					"$(inherited)",
					"@executable_path/Frameworks",
				);
				MARKETING_VERSION = 1.0;
				PRODUCT_BUNDLE_IDENTIFIER = "com.yescoachdev.SeSAC-TMDBProject";
				PRODUCT_NAME = "$(TARGET_NAME)";
				SWIFT_EMIT_LOC_STRINGS = YES;
				SWIFT_VERSION = 5.0;
				TARGETED_DEVICE_FAMILY = "1,2";
			};
			name = Release;
		};
/* End XCBuildConfiguration section */

/* Begin XCConfigurationList section */
		89C86E562A8617FF000F1E73 /* Build configuration list for PBXProject "SeSAC_TMDBProject" */ = {
			isa = XCConfigurationList;
			buildConfigurations = (
				89C86E6D2A861801000F1E73 /* Debug */,
				89C86E6E2A861801000F1E73 /* Release */,
			);
			defaultConfigurationIsVisible = 0;
			defaultConfigurationName = Release;
		};
		89C86E6F2A861801000F1E73 /* Build configuration list for PBXNativeTarget "SeSAC_TMDBProject" */ = {
			isa = XCConfigurationList;
			buildConfigurations = (
				89C86E702A861801000F1E73 /* Debug */,
				89C86E712A861801000F1E73 /* Release */,
			);
			defaultConfigurationIsVisible = 0;
			defaultConfigurationName = Release;
		};
/* End XCConfigurationList section */

/* Begin XCRemoteSwiftPackageReference section */
		89C86E782A8619E4000F1E73 /* XCRemoteSwiftPackageReference "Alamofire" */ = {
			isa = XCRemoteSwiftPackageReference;
			repositoryURL = "https://github.com/Alamofire/Alamofire.git";
			requirement = {
				kind = upToNextMajorVersion;
				minimumVersion = 5.0.0;
			};
		};
		89C86E7B2A8619F1000F1E73 /* XCRemoteSwiftPackageReference "SwiftyJSON" */ = {
			isa = XCRemoteSwiftPackageReference;
			repositoryURL = "https://github.com/SwiftyJSON/SwiftyJSON.git";
			requirement = {
				kind = upToNextMajorVersion;
				minimumVersion = 5.0.0;
			};
		};
		89C86E7E2A8619FA000F1E73 /* XCRemoteSwiftPackageReference "Kingfisher" */ = {
			isa = XCRemoteSwiftPackageReference;
			repositoryURL = "https://github.com/onevcat/Kingfisher";
			requirement = {
				kind = upToNextMajorVersion;
				minimumVersion = 7.0.0;
			};
		};
/* End XCRemoteSwiftPackageReference section */

/* Begin XCSwiftPackageProductDependency section */
		89C86E792A8619E5000F1E73 /* Alamofire */ = {
			isa = XCSwiftPackageProductDependency;
			package = 89C86E782A8619E4000F1E73 /* XCRemoteSwiftPackageReference "Alamofire" */;
			productName = Alamofire;
		};
		89C86E7C2A8619F1000F1E73 /* SwiftyJSON */ = {
			isa = XCSwiftPackageProductDependency;
			package = 89C86E7B2A8619F1000F1E73 /* XCRemoteSwiftPackageReference "SwiftyJSON" */;
			productName = SwiftyJSON;
		};
		89C86E7F2A8619FA000F1E73 /* Kingfisher */ = {
			isa = XCSwiftPackageProductDependency;
			package = 89C86E7E2A8619FA000F1E73 /* XCRemoteSwiftPackageReference "Kingfisher" */;
			productName = Kingfisher;
		};
/* End XCSwiftPackageProductDependency section */
	};
	rootObject = 89C86E532A8617FF000F1E73 /* Project object */;
}
