// !$*UTF8*$!
{
	archiveVersion = 1;
	classes = {
	};
	objectVersion = 56;
	objects = {

/* Begin PBXBuildFile section */
		891A11542A8928CF00D9F64F /* MediaOverviewTableViewCell.swift in Sources */ = {isa = PBXBuildFile; fileRef = 891A11522A8928CF00D9F64F /* MediaOverviewTableViewCell.swift */; };
		891A11552A8928CF00D9F64F /* MediaOverviewTableViewCell.xib in Resources */ = {isa = PBXBuildFile; fileRef = 891A11532A8928CF00D9F64F /* MediaOverviewTableViewCell.xib */; };
		895899C32A9DD56200F1BF8B /* SnapKit in Frameworks */ = {isa = PBXBuildFile; productRef = 895899C22A9DD56200F1BF8B /* SnapKit */; };
		895899C52A9DDDA300F1BF8B /* TabBarController.swift in Sources */ = {isa = PBXBuildFile; fileRef = 895899C42A9DDDA300F1BF8B /* TabBarController.swift */; };
		895899C82A9E0A4400F1BF8B /* BaseViewController.swift in Sources */ = {isa = PBXBuildFile; fileRef = 895899C72A9E0A4400F1BF8B /* BaseViewController.swift */; };
		895899CA2A9E0CFD00F1BF8B /* BaseView.swift in Sources */ = {isa = PBXBuildFile; fileRef = 895899C92A9E0CFD00F1BF8B /* BaseView.swift */; };
		897E91E72A8CDAAC005083BF /* Season.swift in Sources */ = {isa = PBXBuildFile; fileRef = 897E91E62A8CDAAC005083BF /* Season.swift */; };
		897E91E92A8CDB8F005083BF /* TV.swift in Sources */ = {isa = PBXBuildFile; fileRef = 897E91E82A8CDB8F005083BF /* TV.swift */; };
		897E91EB2A8CDC65005083BF /* Episode.swift in Sources */ = {isa = PBXBuildFile; fileRef = 897E91EA2A8CDC65005083BF /* Episode.swift */; };
		897E91F02A8CFC65005083BF /* Media.swift in Sources */ = {isa = PBXBuildFile; fileRef = 897E91EF2A8CFC65005083BF /* Media.swift */; };
		897E91F92A8D1DB6005083BF /* MediaSeriesTableViewCell.swift in Sources */ = {isa = PBXBuildFile; fileRef = 897E91F72A8D1DB6005083BF /* MediaSeriesTableViewCell.swift */; };
		897E91FA2A8D1DB6005083BF /* MediaSeriesTableViewCell.xib in Resources */ = {isa = PBXBuildFile; fileRef = 897E91F82A8D1DB6005083BF /* MediaSeriesTableViewCell.xib */; };
		897E91FD2A8D1EC8005083BF /* MediaSeriesCollectionReusableView.swift in Sources */ = {isa = PBXBuildFile; fileRef = 897E91FB2A8D1EC8005083BF /* MediaSeriesCollectionReusableView.swift */; };
		897E91FE2A8D1EC8005083BF /* MediaSeriesCollectionReusableView.xib in Resources */ = {isa = PBXBuildFile; fileRef = 897E91FC2A8D1EC8005083BF /* MediaSeriesCollectionReusableView.xib */; };
		897E92012A8D20EE005083BF /* MediaSeriesCollectionViewCell.swift in Sources */ = {isa = PBXBuildFile; fileRef = 897E91FF2A8D20EE005083BF /* MediaSeriesCollectionViewCell.swift */; };
		897E92022A8D20EE005083BF /* MediaSeriesCollectionViewCell.xib in Resources */ = {isa = PBXBuildFile; fileRef = 897E92002A8D20EE005083BF /* MediaSeriesCollectionViewCell.xib */; };
		897E92042A8D2B1C005083BF /* TVDetail.swift in Sources */ = {isa = PBXBuildFile; fileRef = 897E92032A8D2B1C005083BF /* TVDetail.swift */; };
		897E921B2A8E0A47005083BF /* MovieDetail.swift in Sources */ = {isa = PBXBuildFile; fileRef = 897E921A2A8E0A46005083BF /* MovieDetail.swift */; };
		897E921D2A8E0B90005083BF /* ProductionCompany.swift in Sources */ = {isa = PBXBuildFile; fileRef = 897E921C2A8E0B90005083BF /* ProductionCompany.swift */; };
		897E921F2A8E0BB1005083BF /* ProductionCountry.swift in Sources */ = {isa = PBXBuildFile; fileRef = 897E921E2A8E0BB1005083BF /* ProductionCountry.swift */; };
		897E92212A8E0BD5005083BF /* SpokenLanguage.swift in Sources */ = {isa = PBXBuildFile; fileRef = 897E92202A8E0BD5005083BF /* SpokenLanguage.swift */; };
		897E92232A8E0C4A005083BF /* Producer.swift in Sources */ = {isa = PBXBuildFile; fileRef = 897E92222A8E0C4A005083BF /* Producer.swift */; };
		897E92252A8E0CD3005083BF /* Crew.swift in Sources */ = {isa = PBXBuildFile; fileRef = 897E92242A8E0CD3005083BF /* Crew.swift */; };
		897E92282A8E42CB005083BF /* CustomCollectionView.swift in Sources */ = {isa = PBXBuildFile; fileRef = 897E92272A8E42CB005083BF /* CustomCollectionView.swift */; };
		899FA9A12A9655ED009DA937 /* LocationManager.swift in Sources */ = {isa = PBXBuildFile; fileRef = 899FA9A02A9655ED009DA937 /* LocationManager.swift */; };
		899FA9A42A965F0A009DA937 /* MapViewController.swift in Sources */ = {isa = PBXBuildFile; fileRef = 899FA9A32A965F0A009DA937 /* MapViewController.swift */; };
		899FA9BF2A99D45A009DA937 /* OnboardingViewController.swift in Sources */ = {isa = PBXBuildFile; fileRef = 899FA9BE2A99D45A009DA937 /* OnboardingViewController.swift */; };
		899FA9C12A99D81C009DA937 /* OnboardingContentViewController.swift in Sources */ = {isa = PBXBuildFile; fileRef = 899FA9C02A99D81C009DA937 /* OnboardingContentViewController.swift */; };
		899FA9CA2A9A57AF009DA937 /* UserDefaultsManager.swift in Sources */ = {isa = PBXBuildFile; fileRef = 899FA9C92A9A57AF009DA937 /* UserDefaultsManager.swift */; };
		899FA9CC2A9A57D4009DA937 /* UserDefaultsWrapper.swift in Sources */ = {isa = PBXBuildFile; fileRef = 899FA9CB2A9A57D4009DA937 /* UserDefaultsWrapper.swift */; };
		89AFDA052A87C3020050E9DD /* ViewReusable.swift in Sources */ = {isa = PBXBuildFile; fileRef = 89AFDA042A87C3020050E9DD /* ViewReusable.swift */; };
		89AFDA092A87ECD60050E9DD /* PaddingLabel.swift in Sources */ = {isa = PBXBuildFile; fileRef = 89AFDA082A87ECD60050E9DD /* PaddingLabel.swift */; };
		89AFDA0B2A885E630050E9DD /* Genre.swift in Sources */ = {isa = PBXBuildFile; fileRef = 89AFDA0A2A885E630050E9DD /* Genre.swift */; };
		89AFDA0D2A88CE200050E9DD /* MediaCastingViewController.swift in Sources */ = {isa = PBXBuildFile; fileRef = 89AFDA0C2A88CE200050E9DD /* MediaCastingViewController.swift */; };
		89C86E5F2A8617FF000F1E73 /* AppDelegate.swift in Sources */ = {isa = PBXBuildFile; fileRef = 89C86E5E2A8617FF000F1E73 /* AppDelegate.swift */; };
		89C86E612A8617FF000F1E73 /* SceneDelegate.swift in Sources */ = {isa = PBXBuildFile; fileRef = 89C86E602A8617FF000F1E73 /* SceneDelegate.swift */; };
		89C86E632A8617FF000F1E73 /* MainViewController.swift in Sources */ = {isa = PBXBuildFile; fileRef = 89C86E622A8617FF000F1E73 /* MainViewController.swift */; };
		89C86E662A8617FF000F1E73 /* Main.storyboard in Resources */ = {isa = PBXBuildFile; fileRef = 89C86E642A8617FF000F1E73 /* Main.storyboard */; };
		89C86E682A861801000F1E73 /* Assets.xcassets in Resources */ = {isa = PBXBuildFile; fileRef = 89C86E672A861801000F1E73 /* Assets.xcassets */; };
		89C86E6B2A861801000F1E73 /* LaunchScreen.storyboard in Resources */ = {isa = PBXBuildFile; fileRef = 89C86E692A861801000F1E73 /* LaunchScreen.storyboard */; };
		89C86E732A86186D000F1E73 /* .gitignore in Resources */ = {isa = PBXBuildFile; fileRef = 89C86E722A86186D000F1E73 /* .gitignore */; };
		89C86E772A86197F000F1E73 /* APIKey.swift in Sources */ = {isa = PBXBuildFile; fileRef = 89C86E762A86197F000F1E73 /* APIKey.swift */; };
		89C86E7A2A8619E5000F1E73 /* Alamofire in Frameworks */ = {isa = PBXBuildFile; productRef = 89C86E792A8619E5000F1E73 /* Alamofire */; };
		89C86E7D2A8619F1000F1E73 /* SwiftyJSON in Frameworks */ = {isa = PBXBuildFile; productRef = 89C86E7C2A8619F1000F1E73 /* SwiftyJSON */; };
		89C86E802A8619FA000F1E73 /* Kingfisher in Frameworks */ = {isa = PBXBuildFile; productRef = 89C86E7F2A8619FA000F1E73 /* Kingfisher */; };
		89C86E862A861F41000F1E73 /* Movie.swift in Sources */ = {isa = PBXBuildFile; fileRef = 89C86E852A861F41000F1E73 /* Movie.swift */; };
		89C86E882A8622AB000F1E73 /* NetworkManager.swift in Sources */ = {isa = PBXBuildFile; fileRef = 89C86E872A8622AB000F1E73 /* NetworkManager.swift */; };
		89C86E8B2A862300000F1E73 /* APIURL.swift in Sources */ = {isa = PBXBuildFile; fileRef = 89C86E8A2A862300000F1E73 /* APIURL.swift */; };
		89C86E8D2A862BEE000F1E73 /* APIHeader.swift in Sources */ = {isa = PBXBuildFile; fileRef = 89C86E8C2A862BED000F1E73 /* APIHeader.swift */; };
		89C86E912A8639D0000F1E73 /* Cast.swift in Sources */ = {isa = PBXBuildFile; fileRef = 89C86E902A8639D0000F1E73 /* Cast.swift */; };
		89C86E932A863C2B000F1E73 /* MovieCredit.swift in Sources */ = {isa = PBXBuildFile; fileRef = 89C86E922A863C2B000F1E73 /* MovieCredit.swift */; };
		89C86E962A8641D3000F1E73 /* MainCollectionViewCell.swift in Sources */ = {isa = PBXBuildFile; fileRef = 89C86E942A8641D3000F1E73 /* MainCollectionViewCell.swift */; };
		89C86E972A8641D3000F1E73 /* MainCollectionViewCell.xib in Resources */ = {isa = PBXBuildFile; fileRef = 89C86E952A8641D3000F1E73 /* MainCollectionViewCell.xib */; };
		89DCCE2D2A8F7BCB00C3AFFE /* MediaSimilarTableViewCell.swift in Sources */ = {isa = PBXBuildFile; fileRef = 89DCCE2B2A8F7BCB00C3AFFE /* MediaSimilarTableViewCell.swift */; };
		89DCCE2E2A8F7BCB00C3AFFE /* MediaSimilarTableViewCell.xib in Resources */ = {isa = PBXBuildFile; fileRef = 89DCCE2C2A8F7BCB00C3AFFE /* MediaSimilarTableViewCell.xib */; };
		89DCCE312A8F7C3900C3AFFE /* MediaSimilarCollectionViewCell.swift in Sources */ = {isa = PBXBuildFile; fileRef = 89DCCE2F2A8F7C3900C3AFFE /* MediaSimilarCollectionViewCell.swift */; };
		89DCCE322A8F7C3900C3AFFE /* MediaSimilarCollectionViewCell.xib in Resources */ = {isa = PBXBuildFile; fileRef = 89DCCE302A8F7C3900C3AFFE /* MediaSimilarCollectionViewCell.xib */; };
		89F4F9632A88DAF200388FB5 /* MediaCastingTableViewCell.swift in Sources */ = {isa = PBXBuildFile; fileRef = 89F4F9612A88DAF200388FB5 /* MediaCastingTableViewCell.swift */; };
		89F4F9642A88DAF200388FB5 /* MediaCastingTableViewCell.xib in Resources */ = {isa = PBXBuildFile; fileRef = 89F4F9622A88DAF200388FB5 /* MediaCastingTableViewCell.xib */; };
/* End PBXBuildFile section */

/* Begin PBXFileReference section */
		891A11522A8928CF00D9F64F /* MediaOverviewTableViewCell.swift */ = {isa = PBXFileReference; lastKnownFileType = sourcecode.swift; path = MediaOverviewTableViewCell.swift; sourceTree = "<group>"; };
		891A11532A8928CF00D9F64F /* MediaOverviewTableViewCell.xib */ = {isa = PBXFileReference; lastKnownFileType = file.xib; path = MediaOverviewTableViewCell.xib; sourceTree = "<group>"; };
		895899C42A9DDDA300F1BF8B /* TabBarController.swift */ = {isa = PBXFileReference; lastKnownFileType = sourcecode.swift; path = TabBarController.swift; sourceTree = "<group>"; };
		895899C72A9E0A4400F1BF8B /* BaseViewController.swift */ = {isa = PBXFileReference; lastKnownFileType = sourcecode.swift; path = BaseViewController.swift; sourceTree = "<group>"; };
		895899C92A9E0CFD00F1BF8B /* BaseView.swift */ = {isa = PBXFileReference; lastKnownFileType = sourcecode.swift; path = BaseView.swift; sourceTree = "<group>"; };
		897E91E62A8CDAAC005083BF /* Season.swift */ = {isa = PBXFileReference; lastKnownFileType = sourcecode.swift; path = Season.swift; sourceTree = "<group>"; };
		897E91E82A8CDB8F005083BF /* TV.swift */ = {isa = PBXFileReference; lastKnownFileType = sourcecode.swift; path = TV.swift; sourceTree = "<group>"; };
		897E91EA2A8CDC65005083BF /* Episode.swift */ = {isa = PBXFileReference; lastKnownFileType = sourcecode.swift; path = Episode.swift; sourceTree = "<group>"; };
		897E91EF2A8CFC65005083BF /* Media.swift */ = {isa = PBXFileReference; lastKnownFileType = sourcecode.swift; path = Media.swift; sourceTree = "<group>"; };
		897E91F72A8D1DB6005083BF /* MediaSeriesTableViewCell.swift */ = {isa = PBXFileReference; lastKnownFileType = sourcecode.swift; path = MediaSeriesTableViewCell.swift; sourceTree = "<group>"; };
		897E91F82A8D1DB6005083BF /* MediaSeriesTableViewCell.xib */ = {isa = PBXFileReference; lastKnownFileType = file.xib; path = MediaSeriesTableViewCell.xib; sourceTree = "<group>"; };
		897E91FB2A8D1EC8005083BF /* MediaSeriesCollectionReusableView.swift */ = {isa = PBXFileReference; lastKnownFileType = sourcecode.swift; path = MediaSeriesCollectionReusableView.swift; sourceTree = "<group>"; };
		897E91FC2A8D1EC8005083BF /* MediaSeriesCollectionReusableView.xib */ = {isa = PBXFileReference; lastKnownFileType = file.xib; path = MediaSeriesCollectionReusableView.xib; sourceTree = "<group>"; };
		897E91FF2A8D20EE005083BF /* MediaSeriesCollectionViewCell.swift */ = {isa = PBXFileReference; lastKnownFileType = sourcecode.swift; path = MediaSeriesCollectionViewCell.swift; sourceTree = "<group>"; };
		897E92002A8D20EE005083BF /* MediaSeriesCollectionViewCell.xib */ = {isa = PBXFileReference; lastKnownFileType = file.xib; path = MediaSeriesCollectionViewCell.xib; sourceTree = "<group>"; };
		897E92032A8D2B1C005083BF /* TVDetail.swift */ = {isa = PBXFileReference; lastKnownFileType = sourcecode.swift; path = TVDetail.swift; sourceTree = "<group>"; };
		897E921A2A8E0A46005083BF /* MovieDetail.swift */ = {isa = PBXFileReference; lastKnownFileType = sourcecode.swift; path = MovieDetail.swift; sourceTree = "<group>"; };
		897E921C2A8E0B90005083BF /* ProductionCompany.swift */ = {isa = PBXFileReference; lastKnownFileType = sourcecode.swift; path = ProductionCompany.swift; sourceTree = "<group>"; };
		897E921E2A8E0BB1005083BF /* ProductionCountry.swift */ = {isa = PBXFileReference; lastKnownFileType = sourcecode.swift; path = ProductionCountry.swift; sourceTree = "<group>"; };
		897E92202A8E0BD5005083BF /* SpokenLanguage.swift */ = {isa = PBXFileReference; lastKnownFileType = sourcecode.swift; path = SpokenLanguage.swift; sourceTree = "<group>"; };
		897E92222A8E0C4A005083BF /* Producer.swift */ = {isa = PBXFileReference; lastKnownFileType = sourcecode.swift; path = Producer.swift; sourceTree = "<group>"; };
		897E92242A8E0CD3005083BF /* Crew.swift */ = {isa = PBXFileReference; lastKnownFileType = sourcecode.swift; path = Crew.swift; sourceTree = "<group>"; };
		897E92272A8E42CB005083BF /* CustomCollectionView.swift */ = {isa = PBXFileReference; lastKnownFileType = sourcecode.swift; path = CustomCollectionView.swift; sourceTree = "<group>"; };
		899FA9A02A9655ED009DA937 /* LocationManager.swift */ = {isa = PBXFileReference; lastKnownFileType = sourcecode.swift; path = LocationManager.swift; sourceTree = "<group>"; };
		899FA9A32A965F0A009DA937 /* MapViewController.swift */ = {isa = PBXFileReference; lastKnownFileType = sourcecode.swift; path = MapViewController.swift; sourceTree = "<group>"; };
		899FA9BE2A99D45A009DA937 /* OnboardingViewController.swift */ = {isa = PBXFileReference; lastKnownFileType = sourcecode.swift; path = OnboardingViewController.swift; sourceTree = "<group>"; };
		899FA9C02A99D81C009DA937 /* OnboardingContentViewController.swift */ = {isa = PBXFileReference; lastKnownFileType = sourcecode.swift; path = OnboardingContentViewController.swift; sourceTree = "<group>"; };
		899FA9C92A9A57AF009DA937 /* UserDefaultsManager.swift */ = {isa = PBXFileReference; lastKnownFileType = sourcecode.swift; path = UserDefaultsManager.swift; sourceTree = "<group>"; };
		899FA9CB2A9A57D4009DA937 /* UserDefaultsWrapper.swift */ = {isa = PBXFileReference; lastKnownFileType = sourcecode.swift; path = UserDefaultsWrapper.swift; sourceTree = "<group>"; };
		89AFDA042A87C3020050E9DD /* ViewReusable.swift */ = {isa = PBXFileReference; lastKnownFileType = sourcecode.swift; path = ViewReusable.swift; sourceTree = "<group>"; };
		89AFDA082A87ECD60050E9DD /* PaddingLabel.swift */ = {isa = PBXFileReference; lastKnownFileType = sourcecode.swift; path = PaddingLabel.swift; sourceTree = "<group>"; };
		89AFDA0A2A885E630050E9DD /* Genre.swift */ = {isa = PBXFileReference; lastKnownFileType = sourcecode.swift; path = Genre.swift; sourceTree = "<group>"; };
		89AFDA0C2A88CE200050E9DD /* MediaCastingViewController.swift */ = {isa = PBXFileReference; lastKnownFileType = sourcecode.swift; path = MediaCastingViewController.swift; sourceTree = "<group>"; };
		89C86E5B2A8617FF000F1E73 /* SeSAC_TMDBProject.app */ = {isa = PBXFileReference; explicitFileType = wrapper.application; includeInIndex = 0; path = SeSAC_TMDBProject.app; sourceTree = BUILT_PRODUCTS_DIR; };
		89C86E5E2A8617FF000F1E73 /* AppDelegate.swift */ = {isa = PBXFileReference; lastKnownFileType = sourcecode.swift; path = AppDelegate.swift; sourceTree = "<group>"; };
		89C86E602A8617FF000F1E73 /* SceneDelegate.swift */ = {isa = PBXFileReference; lastKnownFileType = sourcecode.swift; path = SceneDelegate.swift; sourceTree = "<group>"; };
		89C86E622A8617FF000F1E73 /* MainViewController.swift */ = {isa = PBXFileReference; lastKnownFileType = sourcecode.swift; path = MainViewController.swift; sourceTree = "<group>"; };
		89C86E652A8617FF000F1E73 /* Base */ = {isa = PBXFileReference; lastKnownFileType = file.storyboard; name = Base; path = Base.lproj/Main.storyboard; sourceTree = "<group>"; };
		89C86E672A861801000F1E73 /* Assets.xcassets */ = {isa = PBXFileReference; lastKnownFileType = folder.assetcatalog; path = Assets.xcassets; sourceTree = "<group>"; };
		89C86E6A2A861801000F1E73 /* Base */ = {isa = PBXFileReference; lastKnownFileType = file.storyboard; name = Base; path = Base.lproj/LaunchScreen.storyboard; sourceTree = "<group>"; };
		89C86E6C2A861801000F1E73 /* Info.plist */ = {isa = PBXFileReference; lastKnownFileType = text.plist.xml; path = Info.plist; sourceTree = "<group>"; };
		89C86E722A86186D000F1E73 /* .gitignore */ = {isa = PBXFileReference; lastKnownFileType = text; path = .gitignore; sourceTree = "<group>"; };
		89C86E762A86197F000F1E73 /* APIKey.swift */ = {isa = PBXFileReference; lastKnownFileType = sourcecode.swift; path = APIKey.swift; sourceTree = "<group>"; };
		89C86E852A861F41000F1E73 /* Movie.swift */ = {isa = PBXFileReference; lastKnownFileType = sourcecode.swift; path = Movie.swift; sourceTree = "<group>"; };
		89C86E872A8622AB000F1E73 /* NetworkManager.swift */ = {isa = PBXFileReference; lastKnownFileType = sourcecode.swift; path = NetworkManager.swift; sourceTree = "<group>"; };
		89C86E8A2A862300000F1E73 /* APIURL.swift */ = {isa = PBXFileReference; lastKnownFileType = sourcecode.swift; path = APIURL.swift; sourceTree = "<group>"; };
		89C86E8C2A862BED000F1E73 /* APIHeader.swift */ = {isa = PBXFileReference; lastKnownFileType = sourcecode.swift; path = APIHeader.swift; sourceTree = "<group>"; };
		89C86E902A8639D0000F1E73 /* Cast.swift */ = {isa = PBXFileReference; lastKnownFileType = sourcecode.swift; path = Cast.swift; sourceTree = "<group>"; };
		89C86E922A863C2B000F1E73 /* MovieCredit.swift */ = {isa = PBXFileReference; lastKnownFileType = sourcecode.swift; path = MovieCredit.swift; sourceTree = "<group>"; };
		89C86E942A8641D3000F1E73 /* MainCollectionViewCell.swift */ = {isa = PBXFileReference; lastKnownFileType = sourcecode.swift; path = MainCollectionViewCell.swift; sourceTree = "<group>"; };
		89C86E952A8641D3000F1E73 /* MainCollectionViewCell.xib */ = {isa = PBXFileReference; lastKnownFileType = file.xib; path = MainCollectionViewCell.xib; sourceTree = "<group>"; };
		89DCCE2B2A8F7BCB00C3AFFE /* MediaSimilarTableViewCell.swift */ = {isa = PBXFileReference; lastKnownFileType = sourcecode.swift; path = MediaSimilarTableViewCell.swift; sourceTree = "<group>"; };
		89DCCE2C2A8F7BCB00C3AFFE /* MediaSimilarTableViewCell.xib */ = {isa = PBXFileReference; lastKnownFileType = file.xib; path = MediaSimilarTableViewCell.xib; sourceTree = "<group>"; };
		89DCCE2F2A8F7C3900C3AFFE /* MediaSimilarCollectionViewCell.swift */ = {isa = PBXFileReference; lastKnownFileType = sourcecode.swift; path = MediaSimilarCollectionViewCell.swift; sourceTree = "<group>"; };
		89DCCE302A8F7C3900C3AFFE /* MediaSimilarCollectionViewCell.xib */ = {isa = PBXFileReference; lastKnownFileType = file.xib; path = MediaSimilarCollectionViewCell.xib; sourceTree = "<group>"; };
		89F4F9612A88DAF200388FB5 /* MediaCastingTableViewCell.swift */ = {isa = PBXFileReference; lastKnownFileType = sourcecode.swift; path = MediaCastingTableViewCell.swift; sourceTree = "<group>"; };
		89F4F9622A88DAF200388FB5 /* MediaCastingTableViewCell.xib */ = {isa = PBXFileReference; lastKnownFileType = file.xib; path = MediaCastingTableViewCell.xib; sourceTree = "<group>"; };
/* End PBXFileReference section */

/* Begin PBXFrameworksBuildPhase section */
		89C86E582A8617FF000F1E73 /* Frameworks */ = {
			isa = PBXFrameworksBuildPhase;
			buildActionMask = 2147483647;
			files = (
				89C86E802A8619FA000F1E73 /* Kingfisher in Frameworks */,
				895899C32A9DD56200F1BF8B /* SnapKit in Frameworks */,
				89C86E7D2A8619F1000F1E73 /* SwiftyJSON in Frameworks */,
				89C86E7A2A8619E5000F1E73 /* Alamofire in Frameworks */,
			);
			runOnlyForDeploymentPostprocessing = 0;
		};
/* End PBXFrameworksBuildPhase section */

/* Begin PBXGroup section */
		895899BE2A9DD28800F1BF8B /* Extension */ = {
			isa = PBXGroup;
			children = (
			);
			path = Extension;
			sourceTree = "<group>";
		};
		895899C62A9E0A0A00F1BF8B /* Profile */ = {
			isa = PBXGroup;
			children = (
			);
			path = Profile;
			sourceTree = "<group>";
		};
		897E91EC2A8CDD77005083BF /* TV */ = {
			isa = PBXGroup;
			children = (
				897E91E82A8CDB8F005083BF /* TV.swift */,
				897E92032A8D2B1C005083BF /* TVDetail.swift */,
				897E91EA2A8CDC65005083BF /* Episode.swift */,
				897E91E62A8CDAAC005083BF /* Season.swift */,
			);
			path = TV;
			sourceTree = "<group>";
		};
		897E91ED2A8CF7A3005083BF /* Movie */ = {
			isa = PBXGroup;
			children = (
				89C86E852A861F41000F1E73 /* Movie.swift */,
				897E921A2A8E0A46005083BF /* MovieDetail.swift */,
				89C86E922A863C2B000F1E73 /* MovieCredit.swift */,
			);
			path = Movie;
			sourceTree = "<group>";
		};
		897E91EE2A8CFC50005083BF /* Common */ = {
			isa = PBXGroup;
			children = (
				897E91EF2A8CFC65005083BF /* Media.swift */,
				897E921C2A8E0B90005083BF /* ProductionCompany.swift */,
				897E921E2A8E0BB1005083BF /* ProductionCountry.swift */,
				897E92202A8E0BD5005083BF /* SpokenLanguage.swift */,
				897E92222A8E0C4A005083BF /* Producer.swift */,
				897E92242A8E0CD3005083BF /* Crew.swift */,
				89C86E902A8639D0000F1E73 /* Cast.swift */,
				89AFDA0A2A885E630050E9DD /* Genre.swift */,
			);
			path = Common;
			sourceTree = "<group>";
		};
		897E92262A8E36A4005083BF /* Main */ = {
			isa = PBXGroup;
			children = (
				89C86E952A8641D3000F1E73 /* MainCollectionViewCell.xib */,
				89C86E622A8617FF000F1E73 /* MainViewController.swift */,
				89C86E942A8641D3000F1E73 /* MainCollectionViewCell.swift */,
			);
			path = Main;
			sourceTree = "<group>";
		};
		899FA99F2A9655BC009DA937 /* LocationManager */ = {
			isa = PBXGroup;
			children = (
				899FA9A02A9655ED009DA937 /* LocationManager.swift */,
			);
			path = LocationManager;
			sourceTree = "<group>";
		};
		899FA9A22A965EF0009DA937 /* Map */ = {
			isa = PBXGroup;
			children = (
				899FA9A32A965F0A009DA937 /* MapViewController.swift */,
			);
			path = Map;
			sourceTree = "<group>";
		};
		899FA9BD2A99D39F009DA937 /* Onboarding */ = {
			isa = PBXGroup;
			children = (
				899FA9BE2A99D45A009DA937 /* OnboardingViewController.swift */,
				899FA9C02A99D81C009DA937 /* OnboardingContentViewController.swift */,
			);
			path = Onboarding;
			sourceTree = "<group>";
		};
		899FA9C82A9A5796009DA937 /* UserDefaultsManager */ = {
			isa = PBXGroup;
			children = (
				899FA9C92A9A57AF009DA937 /* UserDefaultsManager.swift */,
				899FA9CB2A9A57D4009DA937 /* UserDefaultsWrapper.swift */,
			);
			path = UserDefaultsManager;
			sourceTree = "<group>";
		};
		89AFDA022A87C2DD0050E9DD /* Presentation */ = {
			isa = PBXGroup;
			children = (
				89C86E642A8617FF000F1E73 /* Main.storyboard */,
				89AFDA042A87C3020050E9DD /* ViewReusable.swift */,
				895899C42A9DDDA300F1BF8B /* TabBarController.swift */,
				899FA9BD2A99D39F009DA937 /* Onboarding */,
				89AFDA032A87C2E60050E9DD /* Main */,
				899FA9A22A965EF0009DA937 /* Map */,
				895899C62A9E0A0A00F1BF8B /* Profile */,
			);
			path = Presentation;
			sourceTree = "<group>";
		};
		89AFDA032A87C2E60050E9DD /* Main */ = {
			isa = PBXGroup;
			children = (
				897E92262A8E36A4005083BF /* Main */,
				89DCCE362A8FB3CE00C3AFFE /* MediaDetail */,
			);
			path = Main;
			sourceTree = "<group>";
		};
		89AFDA062A87ECBD0050E9DD /* Common */ = {
			isa = PBXGroup;
			children = (
				89AFDA072A87ECC80050E9DD /* UIComponent */,
			);
			path = Common;
			sourceTree = "<group>";
		};
		89AFDA072A87ECC80050E9DD /* UIComponent */ = {
			isa = PBXGroup;
			children = (
				89AFDA082A87ECD60050E9DD /* PaddingLabel.swift */,
				897E92272A8E42CB005083BF /* CustomCollectionView.swift */,
				895899C72A9E0A4400F1BF8B /* BaseViewController.swift */,
				895899C92A9E0CFD00F1BF8B /* BaseView.swift */,
			);
			path = UIComponent;
			sourceTree = "<group>";
		};
		89C86E522A8617FF000F1E73 = {
			isa = PBXGroup;
			children = (
				89C86E5D2A8617FF000F1E73 /* SeSAC_TMDBProject */,
				89C86E5C2A8617FF000F1E73 /* Products */,
			);
			sourceTree = "<group>";
		};
		89C86E5C2A8617FF000F1E73 /* Products */ = {
			isa = PBXGroup;
			children = (
				89C86E5B2A8617FF000F1E73 /* SeSAC_TMDBProject.app */,
			);
			name = Products;
			sourceTree = "<group>";
		};
		89C86E5D2A8617FF000F1E73 /* SeSAC_TMDBProject */ = {
			isa = PBXGroup;
			children = (
				89C86E812A861A55000F1E73 /* Application */,
				89AFDA022A87C2DD0050E9DD /* Presentation */,
				89C86E842A861ECF000F1E73 /* Domain */,
				89C86E822A861A94000F1E73 /* Infrastructure */,
				89AFDA062A87ECBD0050E9DD /* Common */,
				895899BE2A9DD28800F1BF8B /* Extension */,
				89C86E672A861801000F1E73 /* Assets.xcassets */,
				89C86E692A861801000F1E73 /* LaunchScreen.storyboard */,
				89C86E6C2A861801000F1E73 /* Info.plist */,
				89C86E722A86186D000F1E73 /* .gitignore */,
			);
			path = SeSAC_TMDBProject;
			sourceTree = "<group>";
		};
		89C86E812A861A55000F1E73 /* Application */ = {
			isa = PBXGroup;
			children = (
				89C86E5E2A8617FF000F1E73 /* AppDelegate.swift */,
				89C86E602A8617FF000F1E73 /* SceneDelegate.swift */,
			);
			path = Application;
			sourceTree = "<group>";
		};
		89C86E822A861A94000F1E73 /* Infrastructure */ = {
			isa = PBXGroup;
			children = (
				89C86E832A861EBE000F1E73 /* Services */,
				89C86E762A86197F000F1E73 /* APIKey.swift */,
			);
			path = Infrastructure;
			sourceTree = "<group>";
		};
		89C86E832A861EBE000F1E73 /* Services */ = {
			isa = PBXGroup;
			children = (
				899FA9C82A9A5796009DA937 /* UserDefaultsManager */,
				899FA99F2A9655BC009DA937 /* LocationManager */,
				89C86E892A8622F3000F1E73 /* Network */,
			);
			path = Services;
			sourceTree = "<group>";
		};
		89C86E842A861ECF000F1E73 /* Domain */ = {
			isa = PBXGroup;
			children = (
				897E91EE2A8CFC50005083BF /* Common */,
				897E91ED2A8CF7A3005083BF /* Movie */,
				897E91EC2A8CDD77005083BF /* TV */,
			);
			path = Domain;
			sourceTree = "<group>";
		};
		89C86E892A8622F3000F1E73 /* Network */ = {
			isa = PBXGroup;
			children = (
				89C86E872A8622AB000F1E73 /* NetworkManager.swift */,
				89C86E8A2A862300000F1E73 /* APIURL.swift */,
				89C86E8C2A862BED000F1E73 /* APIHeader.swift */,
			);
			path = Network;
			sourceTree = "<group>";
		};
		89DCCE362A8FB3CE00C3AFFE /* MediaDetail */ = {
			isa = PBXGroup;
			children = (
				89AFDA0C2A88CE200050E9DD /* MediaCastingViewController.swift */,
				89DCCE382A8FB44D00C3AFFE /* Similar */,
				89DCCE392A8FB48900C3AFFE /* Overview */,
				89DCCE3A2A8FB49F00C3AFFE /* Series */,
				89DCCE3B2A8FB4F400C3AFFE /* Casting */,
			);
			path = MediaDetail;
			sourceTree = "<group>";
		};
		89DCCE382A8FB44D00C3AFFE /* Similar */ = {
			isa = PBXGroup;
			children = (
				89DCCE2C2A8F7BCB00C3AFFE /* MediaSimilarTableViewCell.xib */,
				89DCCE302A8F7C3900C3AFFE /* MediaSimilarCollectionViewCell.xib */,
				89DCCE2B2A8F7BCB00C3AFFE /* MediaSimilarTableViewCell.swift */,
				89DCCE2F2A8F7C3900C3AFFE /* MediaSimilarCollectionViewCell.swift */,
			);
			path = Similar;
			sourceTree = "<group>";
		};
		89DCCE392A8FB48900C3AFFE /* Overview */ = {
			isa = PBXGroup;
			children = (
				891A11532A8928CF00D9F64F /* MediaOverviewTableViewCell.xib */,
				891A11522A8928CF00D9F64F /* MediaOverviewTableViewCell.swift */,
			);
			path = Overview;
			sourceTree = "<group>";
		};
		89DCCE3A2A8FB49F00C3AFFE /* Series */ = {
			isa = PBXGroup;
			children = (
				897E91F82A8D1DB6005083BF /* MediaSeriesTableViewCell.xib */,
				897E92002A8D20EE005083BF /* MediaSeriesCollectionViewCell.xib */,
				897E91FC2A8D1EC8005083BF /* MediaSeriesCollectionReusableView.xib */,
				897E91F72A8D1DB6005083BF /* MediaSeriesTableViewCell.swift */,
				897E91FF2A8D20EE005083BF /* MediaSeriesCollectionViewCell.swift */,
				897E91FB2A8D1EC8005083BF /* MediaSeriesCollectionReusableView.swift */,
			);
			path = Series;
			sourceTree = "<group>";
		};
		89DCCE3B2A8FB4F400C3AFFE /* Casting */ = {
			isa = PBXGroup;
			children = (
				89F4F9622A88DAF200388FB5 /* MediaCastingTableViewCell.xib */,
				89F4F9612A88DAF200388FB5 /* MediaCastingTableViewCell.swift */,
			);
			path = Casting;
			sourceTree = "<group>";
		};
/* End PBXGroup section */

/* Begin PBXNativeTarget section */
		89C86E5A2A8617FF000F1E73 /* SeSAC_TMDBProject */ = {
			isa = PBXNativeTarget;
			buildConfigurationList = 89C86E6F2A861801000F1E73 /* Build configuration list for PBXNativeTarget "SeSAC_TMDBProject" */;
			buildPhases = (
				89C86E572A8617FF000F1E73 /* Sources */,
				89C86E582A8617FF000F1E73 /* Frameworks */,
				89C86E592A8617FF000F1E73 /* Resources */,
			);
			buildRules = (
			);
			dependencies = (
			);
			name = SeSAC_TMDBProject;
			packageProductDependencies = (
				89C86E792A8619E5000F1E73 /* Alamofire */,
				89C86E7C2A8619F1000F1E73 /* SwiftyJSON */,
				89C86E7F2A8619FA000F1E73 /* Kingfisher */,
				895899C22A9DD56200F1BF8B /* SnapKit */,
			);
			productName = SeSAC_TMDBProject;
			productReference = 89C86E5B2A8617FF000F1E73 /* SeSAC_TMDBProject.app */;
			productType = "com.apple.product-type.application";
		};
/* End PBXNativeTarget section */

/* Begin PBXProject section */
		89C86E532A8617FF000F1E73 /* Project object */ = {
			isa = PBXProject;
			attributes = {
				BuildIndependentTargetsInParallel = 1;
				LastSwiftUpdateCheck = 1430;
				LastUpgradeCheck = 1430;
				TargetAttributes = {
					89C86E5A2A8617FF000F1E73 = {
						CreatedOnToolsVersion = 14.3.1;
					};
				};
			};
			buildConfigurationList = 89C86E562A8617FF000F1E73 /* Build configuration list for PBXProject "SeSAC_TMDBProject" */;
			compatibilityVersion = "Xcode 14.0";
			developmentRegion = en;
			hasScannedForEncodings = 0;
			knownRegions = (
				en,
				Base,
			);
			mainGroup = 89C86E522A8617FF000F1E73;
			packageReferences = (
				89C86E782A8619E4000F1E73 /* XCRemoteSwiftPackageReference "Alamofire" */,
				89C86E7B2A8619F1000F1E73 /* XCRemoteSwiftPackageReference "SwiftyJSON" */,
				89C86E7E2A8619FA000F1E73 /* XCRemoteSwiftPackageReference "Kingfisher" */,
				895899C12A9DD56200F1BF8B /* XCRemoteSwiftPackageReference "SnapKit" */,
			);
			productRefGroup = 89C86E5C2A8617FF000F1E73 /* Products */;
			projectDirPath = "";
			projectRoot = "";
			targets = (
				89C86E5A2A8617FF000F1E73 /* SeSAC_TMDBProject */,
			);
		};
/* End PBXProject section */

/* Begin PBXResourcesBuildPhase section */
		89C86E592A8617FF000F1E73 /* Resources */ = {
			isa = PBXResourcesBuildPhase;
			buildActionMask = 2147483647;
			files = (
				891A11552A8928CF00D9F64F /* MediaOverviewTableViewCell.xib in Resources */,
				897E91FE2A8D1EC8005083BF /* MediaSeriesCollectionReusableView.xib in Resources */,
				89DCCE2E2A8F7BCB00C3AFFE /* MediaSimilarTableViewCell.xib in Resources */,
				89F4F9642A88DAF200388FB5 /* MediaCastingTableViewCell.xib in Resources */,
				89C86E732A86186D000F1E73 /* .gitignore in Resources */,
				897E91FA2A8D1DB6005083BF /* MediaSeriesTableViewCell.xib in Resources */,
				89C86E6B2A861801000F1E73 /* LaunchScreen.storyboard in Resources */,
				89C86E682A861801000F1E73 /* Assets.xcassets in Resources */,
				89C86E972A8641D3000F1E73 /* MainCollectionViewCell.xib in Resources */,
				897E92022A8D20EE005083BF /* MediaSeriesCollectionViewCell.xib in Resources */,
				89C86E662A8617FF000F1E73 /* Main.storyboard in Resources */,
				89DCCE322A8F7C3900C3AFFE /* MediaSimilarCollectionViewCell.xib in Resources */,
			);
			runOnlyForDeploymentPostprocessing = 0;
		};
/* End PBXResourcesBuildPhase section */

/* Begin PBXSourcesBuildPhase section */
		89C86E572A8617FF000F1E73 /* Sources */ = {
			isa = PBXSourcesBuildPhase;
			buildActionMask = 2147483647;
			files = (
				897E91F02A8CFC65005083BF /* Media.swift in Sources */,
				89C86E882A8622AB000F1E73 /* NetworkManager.swift in Sources */,
				897E921D2A8E0B90005083BF /* ProductionCompany.swift in Sources */,
				89C86E912A8639D0000F1E73 /* Cast.swift in Sources */,
				897E91F92A8D1DB6005083BF /* MediaSeriesTableViewCell.swift in Sources */,
				895899C82A9E0A4400F1BF8B /* BaseViewController.swift in Sources */,
				89C86E632A8617FF000F1E73 /* MainViewController.swift in Sources */,
				899FA9CA2A9A57AF009DA937 /* UserDefaultsManager.swift in Sources */,
				89C86E5F2A8617FF000F1E73 /* AppDelegate.swift in Sources */,
				89C86E772A86197F000F1E73 /* APIKey.swift in Sources */,
				891A11542A8928CF00D9F64F /* MediaOverviewTableViewCell.swift in Sources */,
				899FA9CC2A9A57D4009DA937 /* UserDefaultsWrapper.swift in Sources */,
				89DCCE312A8F7C3900C3AFFE /* MediaSimilarCollectionViewCell.swift in Sources */,
				89AFDA0D2A88CE200050E9DD /* MediaCastingViewController.swift in Sources */,
				89C86E612A8617FF000F1E73 /* SceneDelegate.swift in Sources */,
				89AFDA0B2A885E630050E9DD /* Genre.swift in Sources */,
				89DCCE2D2A8F7BCB00C3AFFE /* MediaSimilarTableViewCell.swift in Sources */,
				897E92042A8D2B1C005083BF /* TVDetail.swift in Sources */,
				89AFDA052A87C3020050E9DD /* ViewReusable.swift in Sources */,
				897E92212A8E0BD5005083BF /* SpokenLanguage.swift in Sources */,
				899FA9A12A9655ED009DA937 /* LocationManager.swift in Sources */,
				89AFDA092A87ECD60050E9DD /* PaddingLabel.swift in Sources */,
				89C86E962A8641D3000F1E73 /* MainCollectionViewCell.swift in Sources */,
				899FA9BF2A99D45A009DA937 /* OnboardingViewController.swift in Sources */,
				897E91E92A8CDB8F005083BF /* TV.swift in Sources */,
				899FA9C12A99D81C009DA937 /* OnboardingContentViewController.swift in Sources */,
				895899C52A9DDDA300F1BF8B /* TabBarController.swift in Sources */,
				89C86E8D2A862BEE000F1E73 /* APIHeader.swift in Sources */,
				89C86E8B2A862300000F1E73 /* APIURL.swift in Sources */,
				89C86E862A861F41000F1E73 /* Movie.swift in Sources */,
				897E92252A8E0CD3005083BF /* Crew.swift in Sources */,
				89C86E932A863C2B000F1E73 /* MovieCredit.swift in Sources */,
				895899CA2A9E0CFD00F1BF8B /* BaseView.swift in Sources */,
				897E92282A8E42CB005083BF /* CustomCollectionView.swift in Sources */,
				897E91E72A8CDAAC005083BF /* Season.swift in Sources */,
				897E921B2A8E0A47005083BF /* MovieDetail.swift in Sources */,
				897E91EB2A8CDC65005083BF /* Episode.swift in Sources */,
				897E92012A8D20EE005083BF /* MediaSeriesCollectionViewCell.swift in Sources */,
				899FA9A42A965F0A009DA937 /* MapViewController.swift in Sources */,
				897E921F2A8E0BB1005083BF /* ProductionCountry.swift in Sources */,
				897E92232A8E0C4A005083BF /* Producer.swift in Sources */,
				89F4F9632A88DAF200388FB5 /* MediaCastingTableViewCell.swift in Sources */,
				897E91FD2A8D1EC8005083BF /* MediaSeriesCollectionReusableView.swift in Sources */,
			);
			runOnlyForDeploymentPostprocessing = 0;
		};
/* End PBXSourcesBuildPhase section */

/* Begin PBXVariantGroup section */
		89C86E642A8617FF000F1E73 /* Main.storyboard */ = {
			isa = PBXVariantGroup;
			children = (
				89C86E652A8617FF000F1E73 /* Base */,
			);
			name = Main.storyboard;
			sourceTree = "<group>";
		};
		89C86E692A861801000F1E73 /* LaunchScreen.storyboard */ = {
			isa = PBXVariantGroup;
			children = (
				89C86E6A2A861801000F1E73 /* Base */,
			);
			name = LaunchScreen.storyboard;
			sourceTree = "<group>";
		};
/* End PBXVariantGroup section */

/* Begin XCBuildConfiguration section */
		89C86E6D2A861801000F1E73 /* Debug */ = {
			isa = XCBuildConfiguration;
			buildSettings = {
				ALWAYS_SEARCH_USER_PATHS = NO;
				CLANG_ANALYZER_NONNULL = YES;
				CLANG_ANALYZER_NUMBER_OBJECT_CONVERSION = YES_AGGRESSIVE;
				CLANG_CXX_LANGUAGE_STANDARD = "gnu++20";
				CLANG_ENABLE_MODULES = YES;
				CLANG_ENABLE_OBJC_ARC = YES;
				CLANG_ENABLE_OBJC_WEAK = YES;
				CLANG_WARN_BLOCK_CAPTURE_AUTORELEASING = YES;
				CLANG_WARN_BOOL_CONVERSION = YES;
				CLANG_WARN_COMMA = YES;
				CLANG_WARN_CONSTANT_CONVERSION = YES;
				CLANG_WARN_DEPRECATED_OBJC_IMPLEMENTATIONS = YES;
				CLANG_WARN_DIRECT_OBJC_ISA_USAGE = YES_ERROR;
				CLANG_WARN_DOCUMENTATION_COMMENTS = YES;
				CLANG_WARN_EMPTY_BODY = YES;
				CLANG_WARN_ENUM_CONVERSION = YES;
				CLANG_WARN_INFINITE_RECURSION = YES;
				CLANG_WARN_INT_CONVERSION = YES;
				CLANG_WARN_NON_LITERAL_NULL_CONVERSION = YES;
				CLANG_WARN_OBJC_IMPLICIT_RETAIN_SELF = YES;
				CLANG_WARN_OBJC_LITERAL_CONVERSION = YES;
				CLANG_WARN_OBJC_ROOT_CLASS = YES_ERROR;
				CLANG_WARN_QUOTED_INCLUDE_IN_FRAMEWORK_HEADER = YES;
				CLANG_WARN_RANGE_LOOP_ANALYSIS = YES;
				CLANG_WARN_STRICT_PROTOTYPES = YES;
				CLANG_WARN_SUSPICIOUS_MOVE = YES;
				CLANG_WARN_UNGUARDED_AVAILABILITY = YES_AGGRESSIVE;
				CLANG_WARN_UNREACHABLE_CODE = YES;
				CLANG_WARN__DUPLICATE_METHOD_MATCH = YES;
				COPY_PHASE_STRIP = NO;
				DEBUG_INFORMATION_FORMAT = dwarf;
				ENABLE_STRICT_OBJC_MSGSEND = YES;
				ENABLE_TESTABILITY = YES;
				GCC_C_LANGUAGE_STANDARD = gnu11;
				GCC_DYNAMIC_NO_PIC = NO;
				GCC_NO_COMMON_BLOCKS = YES;
				GCC_OPTIMIZATION_LEVEL = 0;
				GCC_PREPROCESSOR_DEFINITIONS = (
					"DEBUG=1",
					"$(inherited)",
				);
				GCC_WARN_64_TO_32_BIT_CONVERSION = YES;
				GCC_WARN_ABOUT_RETURN_TYPE = YES_ERROR;
				GCC_WARN_UNDECLARED_SELECTOR = YES;
				GCC_WARN_UNINITIALIZED_AUTOS = YES_AGGRESSIVE;
				GCC_WARN_UNUSED_FUNCTION = YES;
				GCC_WARN_UNUSED_VARIABLE = YES;
				IPHONEOS_DEPLOYMENT_TARGET = 16.4;
				MTL_ENABLE_DEBUG_INFO = INCLUDE_SOURCE;
				MTL_FAST_MATH = YES;
				ONLY_ACTIVE_ARCH = YES;
				SDKROOT = iphoneos;
				SWIFT_ACTIVE_COMPILATION_CONDITIONS = DEBUG;
				SWIFT_OPTIMIZATION_LEVEL = "-Onone";
			};
			name = Debug;
		};
		89C86E6E2A861801000F1E73 /* Release */ = {
			isa = XCBuildConfiguration;
			buildSettings = {
				ALWAYS_SEARCH_USER_PATHS = NO;
				CLANG_ANALYZER_NONNULL = YES;
				CLANG_ANALYZER_NUMBER_OBJECT_CONVERSION = YES_AGGRESSIVE;
				CLANG_CXX_LANGUAGE_STANDARD = "gnu++20";
				CLANG_ENABLE_MODULES = YES;
				CLANG_ENABLE_OBJC_ARC = YES;
				CLANG_ENABLE_OBJC_WEAK = YES;
				CLANG_WARN_BLOCK_CAPTURE_AUTORELEASING = YES;
				CLANG_WARN_BOOL_CONVERSION = YES;
				CLANG_WARN_COMMA = YES;
				CLANG_WARN_CONSTANT_CONVERSION = YES;
				CLANG_WARN_DEPRECATED_OBJC_IMPLEMENTATIONS = YES;
				CLANG_WARN_DIRECT_OBJC_ISA_USAGE = YES_ERROR;
				CLANG_WARN_DOCUMENTATION_COMMENTS = YES;
				CLANG_WARN_EMPTY_BODY = YES;
				CLANG_WARN_ENUM_CONVERSION = YES;
				CLANG_WARN_INFINITE_RECURSION = YES;
				CLANG_WARN_INT_CONVERSION = YES;
				CLANG_WARN_NON_LITERAL_NULL_CONVERSION = YES;
				CLANG_WARN_OBJC_IMPLICIT_RETAIN_SELF = YES;
				CLANG_WARN_OBJC_LITERAL_CONVERSION = YES;
				CLANG_WARN_OBJC_ROOT_CLASS = YES_ERROR;
				CLANG_WARN_QUOTED_INCLUDE_IN_FRAMEWORK_HEADER = YES;
				CLANG_WARN_RANGE_LOOP_ANALYSIS = YES;
				CLANG_WARN_STRICT_PROTOTYPES = YES;
				CLANG_WARN_SUSPICIOUS_MOVE = YES;
				CLANG_WARN_UNGUARDED_AVAILABILITY = YES_AGGRESSIVE;
				CLANG_WARN_UNREACHABLE_CODE = YES;
				CLANG_WARN__DUPLICATE_METHOD_MATCH = YES;
				COPY_PHASE_STRIP = NO;
				DEBUG_INFORMATION_FORMAT = "dwarf-with-dsym";
				ENABLE_NS_ASSERTIONS = NO;
				ENABLE_STRICT_OBJC_MSGSEND = YES;
				GCC_C_LANGUAGE_STANDARD = gnu11;
				GCC_NO_COMMON_BLOCKS = YES;
				GCC_WARN_64_TO_32_BIT_CONVERSION = YES;
				GCC_WARN_ABOUT_RETURN_TYPE = YES_ERROR;
				GCC_WARN_UNDECLARED_SELECTOR = YES;
				GCC_WARN_UNINITIALIZED_AUTOS = YES_AGGRESSIVE;
				GCC_WARN_UNUSED_FUNCTION = YES;
				GCC_WARN_UNUSED_VARIABLE = YES;
				IPHONEOS_DEPLOYMENT_TARGET = 16.4;
				MTL_ENABLE_DEBUG_INFO = NO;
				MTL_FAST_MATH = YES;
				SDKROOT = iphoneos;
				SWIFT_COMPILATION_MODE = wholemodule;
				SWIFT_OPTIMIZATION_LEVEL = "-O";
				VALIDATE_PRODUCT = YES;
			};
			name = Release;
		};
		89C86E702A861801000F1E73 /* Debug */ = {
			isa = XCBuildConfiguration;
			buildSettings = {
				ASSETCATALOG_COMPILER_APPICON_NAME = AppIcon;
				ASSETCATALOG_COMPILER_GLOBAL_ACCENT_COLOR_NAME = AccentColor;
				CODE_SIGN_STYLE = Automatic;
				CURRENT_PROJECT_VERSION = 1;
				DEVELOPMENT_TEAM = 67D46DJNPH;
				GENERATE_INFOPLIST_FILE = YES;
				INFOPLIST_FILE = SeSAC_TMDBProject/Info.plist;
				INFOPLIST_KEY_UIApplicationSupportsIndirectInputEvents = YES;
				INFOPLIST_KEY_UILaunchStoryboardName = LaunchScreen;
				INFOPLIST_KEY_UIMainStoryboardFile = Main;
				INFOPLIST_KEY_UISupportedInterfaceOrientations_iPad = "UIInterfaceOrientationPortrait UIInterfaceOrientationPortraitUpsideDown UIInterfaceOrientationLandscapeLeft UIInterfaceOrientationLandscapeRight";
				INFOPLIST_KEY_UISupportedInterfaceOrientations_iPhone = "UIInterfaceOrientationPortrait UIInterfaceOrientationLandscapeLeft UIInterfaceOrientationLandscapeRight";
				LD_RUNPATH_SEARCH_PATHS = (
					"$(inherited)",
					"@executable_path/Frameworks",
				);
				MARKETING_VERSION = 1.0;
				PRODUCT_BUNDLE_IDENTIFIER = "com.yescoachdev.SeSAC-TMDBProject";
				PRODUCT_NAME = "$(TARGET_NAME)";
				SWIFT_EMIT_LOC_STRINGS = YES;
				SWIFT_VERSION = 5.0;
				TARGETED_DEVICE_FAMILY = "1,2";
			};
			name = Debug;
		};
		89C86E712A861801000F1E73 /* Release */ = {
			isa = XCBuildConfiguration;
			buildSettings = {
				ASSETCATALOG_COMPILER_APPICON_NAME = AppIcon;
				ASSETCATALOG_COMPILER_GLOBAL_ACCENT_COLOR_NAME = AccentColor;
				CODE_SIGN_STYLE = Automatic;
				CURRENT_PROJECT_VERSION = 1;
				DEVELOPMENT_TEAM = 67D46DJNPH;
				GENERATE_INFOPLIST_FILE = YES;
				INFOPLIST_FILE = SeSAC_TMDBProject/Info.plist;
				INFOPLIST_KEY_UIApplicationSupportsIndirectInputEvents = YES;
				INFOPLIST_KEY_UILaunchStoryboardName = LaunchScreen;
				INFOPLIST_KEY_UIMainStoryboardFile = Main;
				INFOPLIST_KEY_UISupportedInterfaceOrientations_iPad = "UIInterfaceOrientationPortrait UIInterfaceOrientationPortraitUpsideDown UIInterfaceOrientationLandscapeLeft UIInterfaceOrientationLandscapeRight";
				INFOPLIST_KEY_UISupportedInterfaceOrientations_iPhone = "UIInterfaceOrientationPortrait UIInterfaceOrientationLandscapeLeft UIInterfaceOrientationLandscapeRight";
				LD_RUNPATH_SEARCH_PATHS = (
					"$(inherited)",
					"@executable_path/Frameworks",
				);
				MARKETING_VERSION = 1.0;
				PRODUCT_BUNDLE_IDENTIFIER = "com.yescoachdev.SeSAC-TMDBProject";
				PRODUCT_NAME = "$(TARGET_NAME)";
				SWIFT_EMIT_LOC_STRINGS = YES;
				SWIFT_VERSION = 5.0;
				TARGETED_DEVICE_FAMILY = "1,2";
			};
			name = Release;
		};
/* End XCBuildConfiguration section */

/* Begin XCConfigurationList section */
		89C86E562A8617FF000F1E73 /* Build configuration list for PBXProject "SeSAC_TMDBProject" */ = {
			isa = XCConfigurationList;
			buildConfigurations = (
				89C86E6D2A861801000F1E73 /* Debug */,
				89C86E6E2A861801000F1E73 /* Release */,
			);
			defaultConfigurationIsVisible = 0;
			defaultConfigurationName = Release;
		};
		89C86E6F2A861801000F1E73 /* Build configuration list for PBXNativeTarget "SeSAC_TMDBProject" */ = {
			isa = XCConfigurationList;
			buildConfigurations = (
				89C86E702A861801000F1E73 /* Debug */,
				89C86E712A861801000F1E73 /* Release */,
			);
			defaultConfigurationIsVisible = 0;
			defaultConfigurationName = Release;
		};
/* End XCConfigurationList section */

/* Begin XCRemoteSwiftPackageReference section */
		895899C12A9DD56200F1BF8B /* XCRemoteSwiftPackageReference "SnapKit" */ = {
			isa = XCRemoteSwiftPackageReference;
			repositoryURL = "https://github.com/SnapKit/SnapKit";
			requirement = {
				kind = upToNextMajorVersion;
				minimumVersion = 5.0.0;
			};
		};
		89C86E782A8619E4000F1E73 /* XCRemoteSwiftPackageReference "Alamofire" */ = {
			isa = XCRemoteSwiftPackageReference;
			repositoryURL = "https://github.com/Alamofire/Alamofire.git";
			requirement = {
				kind = upToNextMajorVersion;
				minimumVersion = 5.0.0;
			};
		};
		89C86E7B2A8619F1000F1E73 /* XCRemoteSwiftPackageReference "SwiftyJSON" */ = {
			isa = XCRemoteSwiftPackageReference;
			repositoryURL = "https://github.com/SwiftyJSON/SwiftyJSON.git";
			requirement = {
				kind = upToNextMajorVersion;
				minimumVersion = 5.0.0;
			};
		};
		89C86E7E2A8619FA000F1E73 /* XCRemoteSwiftPackageReference "Kingfisher" */ = {
			isa = XCRemoteSwiftPackageReference;
			repositoryURL = "https://github.com/onevcat/Kingfisher";
			requirement = {
				kind = upToNextMajorVersion;
				minimumVersion = 7.0.0;
			};
		};
/* End XCRemoteSwiftPackageReference section */

/* Begin XCSwiftPackageProductDependency section */
		895899C22A9DD56200F1BF8B /* SnapKit */ = {
			isa = XCSwiftPackageProductDependency;
			package = 895899C12A9DD56200F1BF8B /* XCRemoteSwiftPackageReference "SnapKit" */;
			productName = SnapKit;
		};
		89C86E792A8619E5000F1E73 /* Alamofire */ = {
			isa = XCSwiftPackageProductDependency;
			package = 89C86E782A8619E4000F1E73 /* XCRemoteSwiftPackageReference "Alamofire" */;
			productName = Alamofire;
		};
		89C86E7C2A8619F1000F1E73 /* SwiftyJSON */ = {
			isa = XCSwiftPackageProductDependency;
			package = 89C86E7B2A8619F1000F1E73 /* XCRemoteSwiftPackageReference "SwiftyJSON" */;
			productName = SwiftyJSON;
		};
		89C86E7F2A8619FA000F1E73 /* Kingfisher */ = {
			isa = XCSwiftPackageProductDependency;
			package = 89C86E7E2A8619FA000F1E73 /* XCRemoteSwiftPackageReference "Kingfisher" */;
			productName = Kingfisher;
		};
/* End XCSwiftPackageProductDependency section */
	};
	rootObject = 89C86E532A8617FF000F1E73 /* Project object */;
}
